// !$*UTF8*$!
{
	archiveVersion = 1;
	classes = {
	};
	objectVersion = 50;
	objects = {

/* Begin PBXBuildFile section */
		D9B0711A2461BD90000E402D /* LoadingBarView.swift in Sources */ = {isa = PBXBuildFile; fileRef = D9B071192461BD90000E402D /* LoadingBarView.swift */; };
		D9B0711C2461C4E9000E402D /* ProgressView.swift in Sources */ = {isa = PBXBuildFile; fileRef = D9B0711B2461C4E9000E402D /* ProgressView.swift */; };
		D9B0711E2461DC77000E402D /* DotsLoadingView.swift in Sources */ = {isa = PBXBuildFile; fileRef = D9B0711D2461DC77000E402D /* DotsLoadingView.swift */; };
		D9E7BDE024606DAC00D9AE2A /* AppDelegate.swift in Sources */ = {isa = PBXBuildFile; fileRef = D9E7BDDF24606DAC00D9AE2A /* AppDelegate.swift */; };
		D9E7BDE224606DAC00D9AE2A /* SceneDelegate.swift in Sources */ = {isa = PBXBuildFile; fileRef = D9E7BDE124606DAC00D9AE2A /* SceneDelegate.swift */; };
		D9E7BDE424606DAC00D9AE2A /* ContentView.swift in Sources */ = {isa = PBXBuildFile; fileRef = D9E7BDE324606DAC00D9AE2A /* ContentView.swift */; };
		D9E7BDE624606DAD00D9AE2A /* Assets.xcassets in Resources */ = {isa = PBXBuildFile; fileRef = D9E7BDE524606DAD00D9AE2A /* Assets.xcassets */; };
		D9E7BDE924606DAD00D9AE2A /* Preview Assets.xcassets in Resources */ = {isa = PBXBuildFile; fileRef = D9E7BDE824606DAD00D9AE2A /* Preview Assets.xcassets */; };
		D9E7BDEC24606DAD00D9AE2A /* LaunchScreen.storyboard in Resources */ = {isa = PBXBuildFile; fileRef = D9E7BDEA24606DAD00D9AE2A /* LaunchScreen.storyboard */; };
		D9E7BDF724606DAD00D9AE2A /* WorkingAnimationTests.swift in Sources */ = {isa = PBXBuildFile; fileRef = D9E7BDF624606DAD00D9AE2A /* WorkingAnimationTests.swift */; };
		D9E7BE0224606DAD00D9AE2A /* WorkingAnimationUITests.swift in Sources */ = {isa = PBXBuildFile; fileRef = D9E7BE0124606DAD00D9AE2A /* WorkingAnimationUITests.swift */; };
		D9E7BE102460817800D9AE2A /* LoadingView.swift in Sources */ = {isa = PBXBuildFile; fileRef = D9E7BE0F2460817800D9AE2A /* LoadingView.swift */; };
/* End PBXBuildFile section */

/* Begin PBXContainerItemProxy section */
		D9E7BDF324606DAD00D9AE2A /* PBXContainerItemProxy */ = {
			isa = PBXContainerItemProxy;
			containerPortal = D9E7BDD424606DAC00D9AE2A /* Project object */;
			proxyType = 1;
			remoteGlobalIDString = D9E7BDDB24606DAC00D9AE2A;
			remoteInfo = WorkingAnimation;
		};
		D9E7BDFE24606DAD00D9AE2A /* PBXContainerItemProxy */ = {
			isa = PBXContainerItemProxy;
			containerPortal = D9E7BDD424606DAC00D9AE2A /* Project object */;
			proxyType = 1;
			remoteGlobalIDString = D9E7BDDB24606DAC00D9AE2A;
			remoteInfo = WorkingAnimation;
		};
/* End PBXContainerItemProxy section */

/* Begin PBXFileReference section */
		D9B071192461BD90000E402D /* LoadingBarView.swift */ = {isa = PBXFileReference; lastKnownFileType = sourcecode.swift; path = LoadingBarView.swift; sourceTree = "<group>"; };
		D9B0711B2461C4E9000E402D /* ProgressView.swift */ = {isa = PBXFileReference; lastKnownFileType = sourcecode.swift; path = ProgressView.swift; sourceTree = "<group>"; };
		D9B0711D2461DC77000E402D /* DotsLoadingView.swift */ = {isa = PBXFileReference; lastKnownFileType = sourcecode.swift; path = DotsLoadingView.swift; sourceTree = "<group>"; };
		D9E7BDDC24606DAC00D9AE2A /* WorkingAnimation.app */ = {isa = PBXFileReference; explicitFileType = wrapper.application; includeInIndex = 0; path = WorkingAnimation.app; sourceTree = BUILT_PRODUCTS_DIR; };
		D9E7BDDF24606DAC00D9AE2A /* AppDelegate.swift */ = {isa = PBXFileReference; lastKnownFileType = sourcecode.swift; path = AppDelegate.swift; sourceTree = "<group>"; };
		D9E7BDE124606DAC00D9AE2A /* SceneDelegate.swift */ = {isa = PBXFileReference; lastKnownFileType = sourcecode.swift; path = SceneDelegate.swift; sourceTree = "<group>"; };
		D9E7BDE324606DAC00D9AE2A /* ContentView.swift */ = {isa = PBXFileReference; lastKnownFileType = sourcecode.swift; path = ContentView.swift; sourceTree = "<group>"; };
		D9E7BDE524606DAD00D9AE2A /* Assets.xcassets */ = {isa = PBXFileReference; lastKnownFileType = folder.assetcatalog; path = Assets.xcassets; sourceTree = "<group>"; };
		D9E7BDE824606DAD00D9AE2A /* Preview Assets.xcassets */ = {isa = PBXFileReference; lastKnownFileType = folder.assetcatalog; path = "Preview Assets.xcassets"; sourceTree = "<group>"; };
		D9E7BDEB24606DAD00D9AE2A /* Base */ = {isa = PBXFileReference; lastKnownFileType = file.storyboard; name = Base; path = Base.lproj/LaunchScreen.storyboard; sourceTree = "<group>"; };
		D9E7BDED24606DAD00D9AE2A /* Info.plist */ = {isa = PBXFileReference; lastKnownFileType = text.plist.xml; path = Info.plist; sourceTree = "<group>"; };
		D9E7BDF224606DAD00D9AE2A /* WorkingAnimationTests.xctest */ = {isa = PBXFileReference; explicitFileType = wrapper.cfbundle; includeInIndex = 0; path = WorkingAnimationTests.xctest; sourceTree = BUILT_PRODUCTS_DIR; };
		D9E7BDF624606DAD00D9AE2A /* WorkingAnimationTests.swift */ = {isa = PBXFileReference; lastKnownFileType = sourcecode.swift; path = WorkingAnimationTests.swift; sourceTree = "<group>"; };
		D9E7BDF824606DAD00D9AE2A /* Info.plist */ = {isa = PBXFileReference; lastKnownFileType = text.plist.xml; path = Info.plist; sourceTree = "<group>"; };
		D9E7BDFD24606DAD00D9AE2A /* WorkingAnimationUITests.xctest */ = {isa = PBXFileReference; explicitFileType = wrapper.cfbundle; includeInIndex = 0; path = WorkingAnimationUITests.xctest; sourceTree = BUILT_PRODUCTS_DIR; };
		D9E7BE0124606DAD00D9AE2A /* WorkingAnimationUITests.swift */ = {isa = PBXFileReference; lastKnownFileType = sourcecode.swift; path = WorkingAnimationUITests.swift; sourceTree = "<group>"; };
		D9E7BE0324606DAD00D9AE2A /* Info.plist */ = {isa = PBXFileReference; lastKnownFileType = text.plist.xml; path = Info.plist; sourceTree = "<group>"; };
		D9E7BE0F2460817800D9AE2A /* LoadingView.swift */ = {isa = PBXFileReference; lastKnownFileType = sourcecode.swift; path = LoadingView.swift; sourceTree = "<group>"; };
/* End PBXFileReference section */

/* Begin PBXFrameworksBuildPhase section */
		D9E7BDD924606DAC00D9AE2A /* Frameworks */ = {
			isa = PBXFrameworksBuildPhase;
			buildActionMask = 2147483647;
			files = (
			);
			runOnlyForDeploymentPostprocessing = 0;
		};
		D9E7BDEF24606DAD00D9AE2A /* Frameworks */ = {
			isa = PBXFrameworksBuildPhase;
			buildActionMask = 2147483647;
			files = (
			);
			runOnlyForDeploymentPostprocessing = 0;
		};
		D9E7BDFA24606DAD00D9AE2A /* Frameworks */ = {
			isa = PBXFrameworksBuildPhase;
			buildActionMask = 2147483647;
			files = (
			);
			runOnlyForDeploymentPostprocessing = 0;
		};
/* End PBXFrameworksBuildPhase section */

/* Begin PBXGroup section */
		D9E7BDD324606DAC00D9AE2A = {
			isa = PBXGroup;
			children = (
				D9E7BDDE24606DAC00D9AE2A /* WorkingAnimation */,
				D9E7BDF524606DAD00D9AE2A /* WorkingAnimationTests */,
				D9E7BE0024606DAD00D9AE2A /* WorkingAnimationUITests */,
				D9E7BDDD24606DAC00D9AE2A /* Products */,
			);
			sourceTree = "<group>";
		};
		D9E7BDDD24606DAC00D9AE2A /* Products */ = {
			isa = PBXGroup;
			children = (
				D9E7BDDC24606DAC00D9AE2A /* WorkingAnimation.app */,
				D9E7BDF224606DAD00D9AE2A /* WorkingAnimationTests.xctest */,
				D9E7BDFD24606DAD00D9AE2A /* WorkingAnimationUITests.xctest */,
			);
			name = Products;
			sourceTree = "<group>";
		};
		D9E7BDDE24606DAC00D9AE2A /* WorkingAnimation */ = {
			isa = PBXGroup;
			children = (
				D9E7BDDF24606DAC00D9AE2A /* AppDelegate.swift */,
				D9E7BDE124606DAC00D9AE2A /* SceneDelegate.swift */,
				D9E7BE0F2460817800D9AE2A /* LoadingView.swift */,
				D9B071192461BD90000E402D /* LoadingBarView.swift */,
				D9B0711B2461C4E9000E402D /* ProgressView.swift */,
				D9B0711D2461DC77000E402D /* DotsLoadingView.swift */,
				D9E7BDE324606DAC00D9AE2A /* ContentView.swift */,
				D9E7BDE524606DAD00D9AE2A /* Assets.xcassets */,
				D9E7BDEA24606DAD00D9AE2A /* LaunchScreen.storyboard */,
				D9E7BDED24606DAD00D9AE2A /* Info.plist */,
				D9E7BDE724606DAD00D9AE2A /* Preview Content */,
			);
			path = WorkingAnimation;
			sourceTree = "<group>";
		};
		D9E7BDE724606DAD00D9AE2A /* Preview Content */ = {
			isa = PBXGroup;
			children = (
				D9E7BDE824606DAD00D9AE2A /* Preview Assets.xcassets */,
			);
			path = "Preview Content";
			sourceTree = "<group>";
		};
		D9E7BDF524606DAD00D9AE2A /* WorkingAnimationTests */ = {
			isa = PBXGroup;
			children = (
				D9E7BDF624606DAD00D9AE2A /* WorkingAnimationTests.swift */,
				D9E7BDF824606DAD00D9AE2A /* Info.plist */,
			);
			path = WorkingAnimationTests;
			sourceTree = "<group>";
		};
		D9E7BE0024606DAD00D9AE2A /* WorkingAnimationUITests */ = {
			isa = PBXGroup;
			children = (
				D9E7BE0124606DAD00D9AE2A /* WorkingAnimationUITests.swift */,
				D9E7BE0324606DAD00D9AE2A /* Info.plist */,
			);
			path = WorkingAnimationUITests;
			sourceTree = "<group>";
		};
/* End PBXGroup section */

/* Begin PBXNativeTarget section */
		D9E7BDDB24606DAC00D9AE2A /* WorkingAnimation */ = {
			isa = PBXNativeTarget;
			buildConfigurationList = D9E7BE0624606DAD00D9AE2A /* Build configuration list for PBXNativeTarget "WorkingAnimation" */;
			buildPhases = (
				D9E7BDD824606DAC00D9AE2A /* Sources */,
				D9E7BDD924606DAC00D9AE2A /* Frameworks */,
				D9E7BDDA24606DAC00D9AE2A /* Resources */,
			);
			buildRules = (
			);
			dependencies = (
			);
			name = WorkingAnimation;
			productName = WorkingAnimation;
			productReference = D9E7BDDC24606DAC00D9AE2A /* WorkingAnimation.app */;
			productType = "com.apple.product-type.application";
		};
		D9E7BDF124606DAD00D9AE2A /* WorkingAnimationTests */ = {
			isa = PBXNativeTarget;
			buildConfigurationList = D9E7BE0924606DAD00D9AE2A /* Build configuration list for PBXNativeTarget "WorkingAnimationTests" */;
			buildPhases = (
				D9E7BDEE24606DAD00D9AE2A /* Sources */,
				D9E7BDEF24606DAD00D9AE2A /* Frameworks */,
				D9E7BDF024606DAD00D9AE2A /* Resources */,
			);
			buildRules = (
			);
			dependencies = (
				D9E7BDF424606DAD00D9AE2A /* PBXTargetDependency */,
			);
			name = WorkingAnimationTests;
			productName = WorkingAnimationTests;
			productReference = D9E7BDF224606DAD00D9AE2A /* WorkingAnimationTests.xctest */;
			productType = "com.apple.product-type.bundle.unit-test";
		};
		D9E7BDFC24606DAD00D9AE2A /* WorkingAnimationUITests */ = {
			isa = PBXNativeTarget;
			buildConfigurationList = D9E7BE0C24606DAD00D9AE2A /* Build configuration list for PBXNativeTarget "WorkingAnimationUITests" */;
			buildPhases = (
				D9E7BDF924606DAD00D9AE2A /* Sources */,
				D9E7BDFA24606DAD00D9AE2A /* Frameworks */,
				D9E7BDFB24606DAD00D9AE2A /* Resources */,
			);
			buildRules = (
			);
			dependencies = (
				D9E7BDFF24606DAD00D9AE2A /* PBXTargetDependency */,
			);
			name = WorkingAnimationUITests;
			productName = WorkingAnimationUITests;
			productReference = D9E7BDFD24606DAD00D9AE2A /* WorkingAnimationUITests.xctest */;
			productType = "com.apple.product-type.bundle.ui-testing";
		};
/* End PBXNativeTarget section */

/* Begin PBXProject section */
		D9E7BDD424606DAC00D9AE2A /* Project object */ = {
			isa = PBXProject;
			attributes = {
				LastSwiftUpdateCheck = 1140;
				LastUpgradeCheck = 1140;
				ORGANIZATIONNAME = "Silversun Studio";
				TargetAttributes = {
					D9E7BDDB24606DAC00D9AE2A = {
						CreatedOnToolsVersion = 11.4.1;
					};
					D9E7BDF124606DAD00D9AE2A = {
						CreatedOnToolsVersion = 11.4.1;
						TestTargetID = D9E7BDDB24606DAC00D9AE2A;
					};
					D9E7BDFC24606DAD00D9AE2A = {
						CreatedOnToolsVersion = 11.4.1;
						TestTargetID = D9E7BDDB24606DAC00D9AE2A;
					};
				};
			};
			buildConfigurationList = D9E7BDD724606DAC00D9AE2A /* Build configuration list for PBXProject "WorkingAnimation" */;
			compatibilityVersion = "Xcode 9.3";
			developmentRegion = en;
			hasScannedForEncodings = 0;
			knownRegions = (
				en,
				Base,
			);
			mainGroup = D9E7BDD324606DAC00D9AE2A;
			productRefGroup = D9E7BDDD24606DAC00D9AE2A /* Products */;
			projectDirPath = "";
			projectRoot = "";
			targets = (
				D9E7BDDB24606DAC00D9AE2A /* WorkingAnimation */,
				D9E7BDF124606DAD00D9AE2A /* WorkingAnimationTests */,
				D9E7BDFC24606DAD00D9AE2A /* WorkingAnimationUITests */,
			);
		};
/* End PBXProject section */

/* Begin PBXResourcesBuildPhase section */
		D9E7BDDA24606DAC00D9AE2A /* Resources */ = {
			isa = PBXResourcesBuildPhase;
			buildActionMask = 2147483647;
			files = (
				D9E7BDEC24606DAD00D9AE2A /* LaunchScreen.storyboard in Resources */,
				D9E7BDE924606DAD00D9AE2A /* Preview Assets.xcassets in Resources */,
				D9E7BDE624606DAD00D9AE2A /* Assets.xcassets in Resources */,
			);
			runOnlyForDeploymentPostprocessing = 0;
		};
		D9E7BDF024606DAD00D9AE2A /* Resources */ = {
			isa = PBXResourcesBuildPhase;
			buildActionMask = 2147483647;
			files = (
			);
			runOnlyForDeploymentPostprocessing = 0;
		};
		D9E7BDFB24606DAD00D9AE2A /* Resources */ = {
			isa = PBXResourcesBuildPhase;
			buildActionMask = 2147483647;
			files = (
			);
			runOnlyForDeploymentPostprocessing = 0;
		};
/* End PBXResourcesBuildPhase section */

/* Begin PBXSourcesBuildPhase section */
		D9E7BDD824606DAC00D9AE2A /* Sources */ = {
			isa = PBXSourcesBuildPhase;
			buildActionMask = 2147483647;
			files = (
				D9E7BDE024606DAC00D9AE2A /* AppDelegate.swift in Sources */,
				D9E7BE102460817800D9AE2A /* LoadingView.swift in Sources */,
				D9B0711A2461BD90000E402D /* LoadingBarView.swift in Sources */,
				D9B0711E2461DC77000E402D /* DotsLoadingView.swift in Sources */,
				D9E7BDE224606DAC00D9AE2A /* SceneDelegate.swift in Sources */,
				D9E7BDE424606DAC00D9AE2A /* ContentView.swift in Sources */,
				D9B0711C2461C4E9000E402D /* ProgressView.swift in Sources */,
			);
			runOnlyForDeploymentPostprocessing = 0;
		};
		D9E7BDEE24606DAD00D9AE2A /* Sources */ = {
			isa = PBXSourcesBuildPhase;
			buildActionMask = 2147483647;
			files = (
				D9E7BDF724606DAD00D9AE2A /* WorkingAnimationTests.swift in Sources */,
			);
			runOnlyForDeploymentPostprocessing = 0;
		};
		D9E7BDF924606DAD00D9AE2A /* Sources */ = {
			isa = PBXSourcesBuildPhase;
			buildActionMask = 2147483647;
			files = (
				D9E7BE0224606DAD00D9AE2A /* WorkingAnimationUITests.swift in Sources */,
			);
			runOnlyForDeploymentPostprocessing = 0;
		};
/* End PBXSourcesBuildPhase section */

/* Begin PBXTargetDependency section */
		D9E7BDF424606DAD00D9AE2A /* PBXTargetDependency */ = {
			isa = PBXTargetDependency;
			target = D9E7BDDB24606DAC00D9AE2A /* WorkingAnimation */;
			targetProxy = D9E7BDF324606DAD00D9AE2A /* PBXContainerItemProxy */;
		};
		D9E7BDFF24606DAD00D9AE2A /* PBXTargetDependency */ = {
			isa = PBXTargetDependency;
			target = D9E7BDDB24606DAC00D9AE2A /* WorkingAnimation */;
			targetProxy = D9E7BDFE24606DAD00D9AE2A /* PBXContainerItemProxy */;
		};
/* End PBXTargetDependency section */

/* Begin PBXVariantGroup section */
		D9E7BDEA24606DAD00D9AE2A /* LaunchScreen.storyboard */ = {
			isa = PBXVariantGroup;
			children = (
				D9E7BDEB24606DAD00D9AE2A /* Base */,
			);
			name = LaunchScreen.storyboard;
			sourceTree = "<group>";
		};
/* End PBXVariantGroup section */

/* Begin XCBuildConfiguration section */
		D9E7BE0424606DAD00D9AE2A /* Debug */ = {
			isa = XCBuildConfiguration;
			buildSettings = {
				ALWAYS_SEARCH_USER_PATHS = NO;
				CLANG_ANALYZER_NONNULL = YES;
				CLANG_ANALYZER_NUMBER_OBJECT_CONVERSION = YES_AGGRESSIVE;
				CLANG_CXX_LANGUAGE_STANDARD = "gnu++14";
				CLANG_CXX_LIBRARY = "libc++";
				CLANG_ENABLE_MODULES = YES;
				CLANG_ENABLE_OBJC_ARC = YES;
				CLANG_ENABLE_OBJC_WEAK = YES;
				CLANG_WARN_BLOCK_CAPTURE_AUTORELEASING = YES;
				CLANG_WARN_BOOL_CONVERSION = YES;
				CLANG_WARN_COMMA = YES;
				CLANG_WARN_CONSTANT_CONVERSION = YES;
				CLANG_WARN_DEPRECATED_OBJC_IMPLEMENTATIONS = YES;
				CLANG_WARN_DIRECT_OBJC_ISA_USAGE = YES_ERROR;
				CLANG_WARN_DOCUMENTATION_COMMENTS = YES;
				CLANG_WARN_EMPTY_BODY = YES;
				CLANG_WARN_ENUM_CONVERSION = YES;
				CLANG_WARN_INFINITE_RECURSION = YES;
				CLANG_WARN_INT_CONVERSION = YES;
				CLANG_WARN_NON_LITERAL_NULL_CONVERSION = YES;
				CLANG_WARN_OBJC_IMPLICIT_RETAIN_SELF = YES;
				CLANG_WARN_OBJC_LITERAL_CONVERSION = YES;
				CLANG_WARN_OBJC_ROOT_CLASS = YES_ERROR;
				CLANG_WARN_RANGE_LOOP_ANALYSIS = YES;
				CLANG_WARN_STRICT_PROTOTYPES = YES;
				CLANG_WARN_SUSPICIOUS_MOVE = YES;
				CLANG_WARN_UNGUARDED_AVAILABILITY = YES_AGGRESSIVE;
				CLANG_WARN_UNREACHABLE_CODE = YES;
				CLANG_WARN__DUPLICATE_METHOD_MATCH = YES;
				COPY_PHASE_STRIP = NO;
				DEBUG_INFORMATION_FORMAT = dwarf;
				ENABLE_STRICT_OBJC_MSGSEND = YES;
				ENABLE_TESTABILITY = YES;
				GCC_C_LANGUAGE_STANDARD = gnu11;
				GCC_DYNAMIC_NO_PIC = NO;
				GCC_NO_COMMON_BLOCKS = YES;
				GCC_OPTIMIZATION_LEVEL = 0;
				GCC_PREPROCESSOR_DEFINITIONS = (
					"DEBUG=1",
					"$(inherited)",
				);
				GCC_WARN_64_TO_32_BIT_CONVERSION = YES;
				GCC_WARN_ABOUT_RETURN_TYPE = YES_ERROR;
				GCC_WARN_UNDECLARED_SELECTOR = YES;
				GCC_WARN_UNINITIALIZED_AUTOS = YES_AGGRESSIVE;
				GCC_WARN_UNUSED_FUNCTION = YES;
				GCC_WARN_UNUSED_VARIABLE = YES;
				IPHONEOS_DEPLOYMENT_TARGET = 13.4;
				MTL_ENABLE_DEBUG_INFO = INCLUDE_SOURCE;
				MTL_FAST_MATH = YES;
				ONLY_ACTIVE_ARCH = YES;
				SDKROOT = iphoneos;
				SWIFT_ACTIVE_COMPILATION_CONDITIONS = DEBUG;
				SWIFT_OPTIMIZATION_LEVEL = "-Onone";
			};
			name = Debug;
		};
		D9E7BE0524606DAD00D9AE2A /* Release */ = {
			isa = XCBuildConfiguration;
			buildSettings = {
				ALWAYS_SEARCH_USER_PATHS = NO;
				CLANG_ANALYZER_NONNULL = YES;
				CLANG_ANALYZER_NUMBER_OBJECT_CONVERSION = YES_AGGRESSIVE;
				CLANG_CXX_LANGUAGE_STANDARD = "gnu++14";
				CLANG_CXX_LIBRARY = "libc++";
				CLANG_ENABLE_MODULES = YES;
				CLANG_ENABLE_OBJC_ARC = YES;
				CLANG_ENABLE_OBJC_WEAK = YES;
				CLANG_WARN_BLOCK_CAPTURE_AUTORELEASING = YES;
				CLANG_WARN_BOOL_CONVERSION = YES;
				CLANG_WARN_COMMA = YES;
				CLANG_WARN_CONSTANT_CONVERSION = YES;
				CLANG_WARN_DEPRECATED_OBJC_IMPLEMENTATIONS = YES;
				CLANG_WARN_DIRECT_OBJC_ISA_USAGE = YES_ERROR;
				CLANG_WARN_DOCUMENTATION_COMMENTS = YES;
				CLANG_WARN_EMPTY_BODY = YES;
				CLANG_WARN_ENUM_CONVERSION = YES;
				CLANG_WARN_INFINITE_RECURSION = YES;
				CLANG_WARN_INT_CONVERSION = YES;
				CLANG_WARN_NON_LITERAL_NULL_CONVERSION = YES;
				CLANG_WARN_OBJC_IMPLICIT_RETAIN_SELF = YES;
				CLANG_WARN_OBJC_LITERAL_CONVERSION = YES;
				CLANG_WARN_OBJC_ROOT_CLASS = YES_ERROR;
				CLANG_WARN_RANGE_LOOP_ANALYSIS = YES;
				CLANG_WARN_STRICT_PROTOTYPES = YES;
				CLANG_WARN_SUSPICIOUS_MOVE = YES;
				CLANG_WARN_UNGUARDED_AVAILABILITY = YES_AGGRESSIVE;
				CLANG_WARN_UNREACHABLE_CODE = YES;
				CLANG_WARN__DUPLICATE_METHOD_MATCH = YES;
				COPY_PHASE_STRIP = NO;
				DEBUG_INFORMATION_FORMAT = "dwarf-with-dsym";
				ENABLE_NS_ASSERTIONS = NO;
				ENABLE_STRICT_OBJC_MSGSEND = YES;
				GCC_C_LANGUAGE_STANDARD = gnu11;
				GCC_NO_COMMON_BLOCKS = YES;
				GCC_WARN_64_TO_32_BIT_CONVERSION = YES;
				GCC_WARN_ABOUT_RETURN_TYPE = YES_ERROR;
				GCC_WARN_UNDECLARED_SELECTOR = YES;
				GCC_WARN_UNINITIALIZED_AUTOS = YES_AGGRESSIVE;
				GCC_WARN_UNUSED_FUNCTION = YES;
				GCC_WARN_UNUSED_VARIABLE = YES;
				IPHONEOS_DEPLOYMENT_TARGET = 13.4;
				MTL_ENABLE_DEBUG_INFO = NO;
				MTL_FAST_MATH = YES;
				SDKROOT = iphoneos;
				SWIFT_COMPILATION_MODE = wholemodule;
				SWIFT_OPTIMIZATION_LEVEL = "-O";
				VALIDATE_PRODUCT = YES;
			};
			name = Release;
		};
		D9E7BE0724606DAD00D9AE2A /* Debug */ = {
			isa = XCBuildConfiguration;
			buildSettings = {
				ASSETCATALOG_COMPILER_APPICON_NAME = AppIcon;
				CODE_SIGN_STYLE = Automatic;
				DEVELOPMENT_ASSET_PATHS = "\"WorkingAnimation/Preview Content\"";
				DEVELOPMENT_TEAM = PH83ZF2MA5;
				ENABLE_PREVIEWS = YES;
				INFOPLIST_FILE = WorkingAnimation/Info.plist;
				LD_RUNPATH_SEARCH_PATHS = (
					"$(inherited)",
					"@executable_path/Frameworks",
				);
				PRODUCT_BUNDLE_IDENTIFIER = com.silversunstudio.WorkingAnimation;
				PRODUCT_NAME = "$(TARGET_NAME)";
				SWIFT_VERSION = 5.0;
				TARGETED_DEVICE_FAMILY = "1,2";
			};
			name = Debug;
		};
		D9E7BE0824606DAD00D9AE2A /* Release */ = {
			isa = XCBuildConfiguration;
			buildSettings = {
				ASSETCATALOG_COMPILER_APPICON_NAME = AppIcon;
				CODE_SIGN_STYLE = Automatic;
				DEVELOPMENT_ASSET_PATHS = "\"WorkingAnimation/Preview Content\"";
				DEVELOPMENT_TEAM = PH83ZF2MA5;
				ENABLE_PREVIEWS = YES;
				INFOPLIST_FILE = WorkingAnimation/Info.plist;
				LD_RUNPATH_SEARCH_PATHS = (
					"$(inherited)",
					"@executable_path/Frameworks",
				);
				PRODUCT_BUNDLE_IDENTIFIER = com.silversunstudio.WorkingAnimation;
				PRODUCT_NAME = "$(TARGET_NAME)";
				SWIFT_VERSION = 5.0;
				TARGETED_DEVICE_FAMILY = "1,2";
			};
			name = Release;
		};
		D9E7BE0A24606DAD00D9AE2A /* Debug */ = {
			isa = XCBuildConfiguration;
			buildSettings = {
				ALWAYS_EMBED_SWIFT_STANDARD_LIBRARIES = YES;
				BUNDLE_LOADER = "$(TEST_HOST)";
				CODE_SIGN_STYLE = Automatic;
				DEVELOPMENT_TEAM = PH83ZF2MA5;
				INFOPLIST_FILE = WorkingAnimationTests/Info.plist;
				IPHONEOS_DEPLOYMENT_TARGET = 13.4;
				LD_RUNPATH_SEARCH_PATHS = (
					"$(inherited)",
					"@executable_path/Frameworks",
					"@loader_path/Frameworks",
				);
				PRODUCT_BUNDLE_IDENTIFIER = com.silversunstudio.WorkingAnimationTests;
				PRODUCT_NAME = "$(TARGET_NAME)";
				SWIFT_VERSION = 5.0;
				TARGETED_DEVICE_FAMILY = "1,2";
				TEST_HOST = "$(BUILT_PRODUCTS_DIR)/WorkingAnimation.app/WorkingAnimation";
			};
			name = Debug;
		};
		D9E7BE0B24606DAD00D9AE2A /* Release */ = {
			isa = XCBuildConfiguration;
			buildSettings = {
				ALWAYS_EMBED_SWIFT_STANDARD_LIBRARIES = YES;
				BUNDLE_LOADER = "$(TEST_HOST)";
				CODE_SIGN_STYLE = Automatic;
				DEVELOPMENT_TEAM = PH83ZF2MA5;
				INFOPLIST_FILE = WorkingAnimationTests/Info.plist;
				IPHONEOS_DEPLOYMENT_TARGET = 13.4;
				LD_RUNPATH_SEARCH_PATHS = (
					"$(inherited)",
					"@executable_path/Frameworks",
					"@loader_path/Frameworks",
				);
				PRODUCT_BUNDLE_IDENTIFIER = com.silversunstudio.WorkingAnimationTests;
				PRODUCT_NAME = "$(TARGET_NAME)";
				SWIFT_VERSION = 5.0;
				TARGETED_DEVICE_FAMILY = "1,2";
				TEST_HOST = "$(BUILT_PRODUCTS_DIR)/WorkingAnimation.app/WorkingAnimation";
			};
			name = Release;
		};
		D9E7BE0D24606DAD00D9AE2A /* Debug */ = {
			isa = XCBuildConfiguration;
			buildSettings = {
				ALWAYS_EMBED_SWIFT_STANDARD_LIBRARIES = YES;
				CODE_SIGN_STYLE = Automatic;
				DEVELOPMENT_TEAM = PH83ZF2MA5;
				INFOPLIST_FILE = WorkingAnimationUITests/Info.plist;
				LD_RUNPATH_SEARCH_PATHS = (
					"$(inherited)",
					"@executable_path/Frameworks",
					"@loader_path/Frameworks",
				);
				PRODUCT_BUNDLE_IDENTIFIER = com.silversunstudio.WorkingAnimationUITests;
				PRODUCT_NAME = "$(TARGET_NAME)";
				SWIFT_VERSION = 5.0;
				TARGETED_DEVICE_FAMILY = "1,2";
				TEST_TARGET_NAME = WorkingAnimation;
			};
			name = Debug;
		};
		D9E7BE0E24606DAD00D9AE2A /* Release */ = {
			isa = XCBuildConfiguration;
			buildSettings = {
				ALWAYS_EMBED_SWIFT_STANDARD_LIBRARIES = YES;
				CODE_SIGN_STYLE = Automatic;
				DEVELOPMENT_TEAM = PH83ZF2MA5;
				INFOPLIST_FILE = WorkingAnimationUITests/Info.plist;
				LD_RUNPATH_SEARCH_PATHS = (
					"$(inherited)",
					"@executable_path/Frameworks",
					"@loader_path/Frameworks",
				);
				PRODUCT_BUNDLE_IDENTIFIER = com.silversunstudio.WorkingAnimationUITests;
				PRODUCT_NAME = "$(TARGET_NAME)";
				SWIFT_VERSION = 5.0;
				TARGETED_DEVICE_FAMILY = "1,2";
				TEST_TARGET_NAME = WorkingAnimation;
			};
			name = Release;
		};
/* End XCBuildConfiguration section */

/* Begin XCConfigurationList section */
		D9E7BDD724606DAC00D9AE2A /* Build configuration list for PBXProject "WorkingAnimation" */ = {
			isa = XCConfigurationList;
			buildConfigurations = (
				D9E7BE0424606DAD00D9AE2A /* Debug */,
				D9E7BE0524606DAD00D9AE2A /* Release */,
			);
			defaultConfigurationIsVisible = 0;
			defaultConfigurationName = Release;
		};
		D9E7BE0624606DAD00D9AE2A /* Build configuration list for PBXNativeTarget "WorkingAnimation" */ = {
			isa = XCConfigurationList;
			buildConfigurations = (
				D9E7BE0724606DAD00D9AE2A /* Debug */,
				D9E7BE0824606DAD00D9AE2A /* Release */,
			);
			defaultConfigurationIsVisible = 0;
			defaultConfigurationName = Release;
		};
		D9E7BE0924606DAD00D9AE2A /* Build configuration list for PBXNativeTarget "WorkingAnimationTests" */ = {
			isa = XCConfigurationList;
			buildConfigurations = (
				D9E7BE0A24606DAD00D9AE2A /* Debug */,
				D9E7BE0B24606DAD00D9AE2A /* Release */,
			);
			defaultConfigurationIsVisible = 0;
			defaultConfigurationName = Release;
		};
		D9E7BE0C24606DAD00D9AE2A /* Build configuration list for PBXNativeTarget "WorkingAnimationUITests" */ = {
			isa = XCConfigurationList;
			buildConfigurations = (
				D9E7BE0D24606DAD00D9AE2A /* Debug */,
				D9E7BE0E24606DAD00D9AE2A /* Release */,
			);
			defaultConfigurationIsVisible = 0;
			defaultConfigurationName = Release;
		};
/* End XCConfigurationList section */
	};
	rootObject = D9E7BDD424606DAC00D9AE2A /* Project object */;
}
